PODS:
  - MuPDF (1.10)
  - OpenSSL-Universal (1.0.1.20)

DEPENDENCIES:
  - MuPDF (~> 1.10)
  - OpenSSL-Universal (~> 1.0)

SPEC CHECKSUMS:
  MuPDF: 303264f90d7751bc2f16fd7c30b787e873235da3
  OpenSSL-Universal: 71f2c4b2ae758e2218090f905e95ca0ac5c01be7

PODFILE CHECKSUM: 0709f1ef654edac024f073ced1d6b21f6be4e18f

COCOAPODS: 1.1.1
